// !$*UTF8*$!
{
	archiveVersion = 1;
	classes = {
	};
	objectVersion = 46;
	objects = {

/* Begin PBXBuildFile section */
		0BC3DBC58A74DC03892C6E80 /* Carbon.framework */ = {isa = PBXBuildFile; fileRef = BD4FF000FC9B3BF77023324F; };
		1817F8679B43827494D282EB /* include_juce_data_structures.mm */ = {isa = PBXBuildFile; fileRef = E43BFCB9B992F1A20C6B6927; };
		1A7F01421F4AB994E9C34402 /* Main.cpp */ = {isa = PBXBuildFile; fileRef = E806564036D97AA5E0DBE95D; };
		1AEF42E5CB9501C3AABB923C /* Cocoa.framework */ = {isa = PBXBuildFile; fileRef = C675BD42CA5B3C3DC7D092EB; };
		3404E6B3A2D162173EF0D671 /* include_juce_core.mm */ = {isa = PBXBuildFile; fileRef = 67ED44D4BA36CD1A3DF49F70; };
		68342000C52DBED8C959EE73 /* RecentFilesMenuTemplate.nib */ = {isa = PBXBuildFile; fileRef = C72284CC164E6CB4DF746CD9; };
		98A6F26320023596696CB927 /* include_juce_events.mm */ = {isa = PBXBuildFile; fileRef = E94D11B6B2CB13AE7BA68D36; };
		A2F7F241E8D1857F6974FD09 /* QuartzCore.framework */ = {isa = PBXBuildFile; fileRef = 2655C5AF71B29D79DEF316BC; };
		A3CB5718216EFE5E81A9A73D /* IOKit.framework */ = {isa = PBXBuildFile; fileRef = 50447BB9AE1A69C948ABFD11; };
		A5E3426108326F6D5E02FC2A /* MainComponent.cpp */ = {isa = PBXBuildFile; fileRef = CBD62EE4FDC18009580E16FF; };
		C9C47D73D4001F64E88197DC /* Foundation.framework */ = {isa = PBXBuildFile; fileRef = 950A16271AD60A916239B4FF; };
		DB15B164A9AA9A8DCD43B03C /* include_juce_graphics.mm */ = {isa = PBXBuildFile; fileRef = 22D3B542D61EA168D0CEC510; };
		E9AEF5C5DC9650BC9C7EDCC2 /* App */ = {isa = PBXBuildFile; fileRef = 991F8BF1AF81E9443810F699; };
		F66589DC75F54A7DC704FD5A /* include_juce_gui_basics.mm */ = {isa = PBXBuildFile; fileRef = 627C431C9EA57D5535B8509F; };
/* End PBXBuildFile section */

/* Begin PBXFileReference section */
		22D3B542D61EA168D0CEC510 /* include_juce_graphics.mm */ /* include_juce_graphics.mm */ = {isa = PBXFileReference; lastKnownFileType = sourcecode.cpp.objcpp; name = include_juce_graphics.mm; path = ../../JuceLibraryCode/include_juce_graphics.mm; sourceTree = SOURCE_ROOT; };
		2655C5AF71B29D79DEF316BC /* QuartzCore.framework */ /* QuartzCore.framework */ = {isa = PBXFileReference; lastKnownFileType = wrapper.framework; name = QuartzCore.framework; path = System/Library/Frameworks/QuartzCore.framework; sourceTree = SDKROOT; };
		3DCD4273CB86CF183A297531 /* Info-App.plist */ /* Info-App.plist */ = {isa = PBXFileReference; lastKnownFileType = text.plist.xml; name = "Info-App.plist"; path = "Info-App.plist"; sourceTree = SOURCE_ROOT; };
		461E8B89A63D75E64E3A4772 /* juce_data_structures */ /* juce_data_structures */ = {isa = PBXFileReference; lastKnownFileType = folder; name = juce_data_structures; path = ../../../../JUCE/modules/juce_data_structures; sourceTree = SOURCE_ROOT; };
		4A30CB6B143AF920919093B8 /* juce_events */ /* juce_events */ = {isa = PBXFileReference; lastKnownFileType = folder; name = juce_events; path = ../../../../JUCE/modules/juce_events; sourceTree = SOURCE_ROOT; };
		50447BB9AE1A69C948ABFD11 /* IOKit.framework */ /* IOKit.framework */ = {isa = PBXFileReference; lastKnownFileType = wrapper.framework; name = IOKit.framework; path = System/Library/Frameworks/IOKit.framework; sourceTree = SDKROOT; };
		627C431C9EA57D5535B8509F /* include_juce_gui_basics.mm */ /* include_juce_gui_basics.mm */ = {isa = PBXFileReference; lastKnownFileType = sourcecode.cpp.objcpp; name = include_juce_gui_basics.mm; path = ../../JuceLibraryCode/include_juce_gui_basics.mm; sourceTree = SOURCE_ROOT; };
		67ED44D4BA36CD1A3DF49F70 /* include_juce_core.mm */ /* include_juce_core.mm */ = {isa = PBXFileReference; lastKnownFileType = sourcecode.cpp.objcpp; name = include_juce_core.mm; path = ../../JuceLibraryCode/include_juce_core.mm; sourceTree = SOURCE_ROOT; };
		7D322AA69D18CC2C89552913 /* JuceHeader.h */ /* JuceHeader.h */ = {isa = PBXFileReference; lastKnownFileType = sourcecode.c.h; name = JuceHeader.h; path = ../../JuceLibraryCode/JuceHeader.h; sourceTree = SOURCE_ROOT; };
		8728B2BD9F77F8D6027EFDE3 /* juce_graphics */ /* juce_graphics */ = {isa = PBXFileReference; lastKnownFileType = folder; name = juce_graphics; path = ../../../../JUCE/modules/juce_graphics; sourceTree = SOURCE_ROOT; };
		8EEA911E04C64F82FA130FBE /* MainComponent.h */ /* MainComponent.h */ = {isa = PBXFileReference; lastKnownFileType = sourcecode.c.h; name = MainComponent.h; path = ../../Source/MainComponent.h; sourceTree = SOURCE_ROOT; };
		950A16271AD60A916239B4FF /* Foundation.framework */ /* Foundation.framework */ = {isa = PBXFileReference; lastKnownFileType = wrapper.framework; name = Foundation.framework; path = System/Library/Frameworks/Foundation.framework; sourceTree = SDKROOT; };
		991F8BF1AF81E9443810F699 /* App */ = {isa = PBXFileReference; explicitFileType = wrapper.application; includeInIndex = 0; path = "Luisa First JUICE Project.app"; sourceTree = BUILT_PRODUCTS_DIR; };
		BD4FF000FC9B3BF77023324F /* Carbon.framework */ /* Carbon.framework */ = {isa = PBXFileReference; lastKnownFileType = wrapper.framework; name = Carbon.framework; path = System/Library/Frameworks/Carbon.framework; sourceTree = SDKROOT; };
		C675BD42CA5B3C3DC7D092EB /* Cocoa.framework */ /* Cocoa.framework */ = {isa = PBXFileReference; lastKnownFileType = wrapper.framework; name = Cocoa.framework; path = System/Library/Frameworks/Cocoa.framework; sourceTree = SDKROOT; };
		C72284CC164E6CB4DF746CD9 /* RecentFilesMenuTemplate.nib */ /* RecentFilesMenuTemplate.nib */ = {isa = PBXFileReference; lastKnownFileType = file.nib; name = RecentFilesMenuTemplate.nib; path = RecentFilesMenuTemplate.nib; sourceTree = SOURCE_ROOT; };
		CBD62EE4FDC18009580E16FF /* MainComponent.cpp */ /* MainComponent.cpp */ = {isa = PBXFileReference; lastKnownFileType = sourcecode.cpp.cpp; name = MainComponent.cpp; path = ../../Source/MainComponent.cpp; sourceTree = SOURCE_ROOT; };
		D808BD4B02E8854B5D2E91E2 /* juce_gui_basics */ /* juce_gui_basics */ = {isa = PBXFileReference; lastKnownFileType = folder; name = juce_gui_basics; path = ../../../../JUCE/modules/juce_gui_basics; sourceTree = SOURCE_ROOT; };
		E0A6DE9E31975BE93F2F0B76 /* juce_core */ /* juce_core */ = {isa = PBXFileReference; lastKnownFileType = folder; name = juce_core; path = ../../../../JUCE/modules/juce_core; sourceTree = SOURCE_ROOT; };
		E43BFCB9B992F1A20C6B6927 /* include_juce_data_structures.mm */ /* include_juce_data_structures.mm */ = {isa = PBXFileReference; lastKnownFileType = sourcecode.cpp.objcpp; name = include_juce_data_structures.mm; path = ../../JuceLibraryCode/include_juce_data_structures.mm; sourceTree = SOURCE_ROOT; };
		E806564036D97AA5E0DBE95D /* Main.cpp */ /* Main.cpp */ = {isa = PBXFileReference; lastKnownFileType = sourcecode.cpp.cpp; name = Main.cpp; path = ../../Source/Main.cpp; sourceTree = SOURCE_ROOT; };
		E94D11B6B2CB13AE7BA68D36 /* include_juce_events.mm */ /* include_juce_events.mm */ = {isa = PBXFileReference; lastKnownFileType = sourcecode.cpp.objcpp; name = include_juce_events.mm; path = ../../JuceLibraryCode/include_juce_events.mm; sourceTree = SOURCE_ROOT; };
/* End PBXFileReference section */

/* Begin PBXFrameworksBuildPhase section */
		2CB59E3BE45F02ACF5DF9A5E = {
			isa = PBXFrameworksBuildPhase;
			buildActionMask = 2147483647;
			files = (
				0BC3DBC58A74DC03892C6E80,
				1AEF42E5CB9501C3AABB923C,
				C9C47D73D4001F64E88197DC,
				A3CB5718216EFE5E81A9A73D,
				A2F7F241E8D1857F6974FD09,
			);
			runOnlyForDeploymentPostprocessing = 0;
		};
/* End PBXFrameworksBuildPhase section */

/* Begin PBXGroup section */
		093607F28072EDBB40CB1E1E /* JUCE Library Code */ = {
			isa = PBXGroup;
			children = (
				67ED44D4BA36CD1A3DF49F70,
				E43BFCB9B992F1A20C6B6927,
				E94D11B6B2CB13AE7BA68D36,
				22D3B542D61EA168D0CEC510,
				627C431C9EA57D5535B8509F,
				7D322AA69D18CC2C89552913,
			);
			name = "JUCE Library Code";
			sourceTree = "<group>";
		};
		25664C3D53182462EDD561F6 /* JUCE Modules */ = {
			isa = PBXGroup;
			children = (
				E0A6DE9E31975BE93F2F0B76,
				461E8B89A63D75E64E3A4772,
				4A30CB6B143AF920919093B8,
				8728B2BD9F77F8D6027EFDE3,
				D808BD4B02E8854B5D2E91E2,
			);
			name = "JUCE Modules";
			sourceTree = "<group>";
		};
		436A6562E9F3EA233E1EDBD3 /* Resources */ = {
			isa = PBXGroup;
			children = (
				3DCD4273CB86CF183A297531,
				C72284CC164E6CB4DF746CD9,
			);
			name = Resources;
			sourceTree = "<group>";
		};
		80DCFA230EFA6F813BC19B39 /* Source */ = {
			isa = PBXGroup;
			children = (
				E806564036D97AA5E0DBE95D,
				8EEA911E04C64F82FA130FBE,
				CBD62EE4FDC18009580E16FF,
			);
			name = Source;
			sourceTree = "<group>";
		};
		8AC6DC6FB2EE9F4AC6F4AE7E /* Luisa First JUICE Project */ = {
			isa = PBXGroup;
			children = (
				80DCFA230EFA6F813BC19B39,
			);
			name = "Luisa First JUICE Project";
			sourceTree = "<group>";
		};
		BE8897A3734E6193D38DF957 /* Products */ = {
			isa = PBXGroup;
			children = (
				991F8BF1AF81E9443810F699,
			);
			name = Products;
			sourceTree = "<group>";
		};
		BEB546E7AB65A44D4D000780 /* Frameworks */ = {
			isa = PBXGroup;
			children = (
				BD4FF000FC9B3BF77023324F,
				C675BD42CA5B3C3DC7D092EB,
				950A16271AD60A916239B4FF,
				50447BB9AE1A69C948ABFD11,
				2655C5AF71B29D79DEF316BC,
			);
			name = Frameworks;
			sourceTree = "<group>";
		};
		EEC2A9A858039832F4D1E6FB /* Source */ = {
			isa = PBXGroup;
			children = (
				8AC6DC6FB2EE9F4AC6F4AE7E,
				25664C3D53182462EDD561F6,
				093607F28072EDBB40CB1E1E,
				436A6562E9F3EA233E1EDBD3,
				BEB546E7AB65A44D4D000780,
				BE8897A3734E6193D38DF957,
			);
			name = Source;
			sourceTree = "<group>";
		};
/* End PBXGroup section */

/* Begin PBXNativeTarget section */
		3B7C01D6CE3A831318152616 /* Luisa First JUICE Project - App */ = {
			isa = PBXNativeTarget;
			buildConfigurationList = 3C0F24333A050AB75B708C4A;
			buildPhases = (
				0F75111521FF78E44103A463,
				33A8C063913632DC1A72354B,
				2CB59E3BE45F02ACF5DF9A5E,
			);
			buildRules = (
			);
			dependencies = (
			);
			name = "Luisa First JUICE Project - App";
			productName = "Luisa First JUICE Project";
			productReference = 991F8BF1AF81E9443810F699;
			productType = "com.apple.product-type.application";
		};
/* End PBXNativeTarget section */

/* Begin PBXProject section */
		A6ACB6DA5853700F9C8906B8 = {
			isa = PBXProject;
			attributes = {
				LastUpgradeCheck = 1320;
				ORGANIZATIONNAME = "";
				TargetAttributes = {
					3B7C01D6CE3A831318152616 = {
						SystemCapabilities = {
							com.apple.ApplicationGroups.iOS = {
								enabled = 0;
							};
							com.apple.HardenedRuntime = {
								enabled = 0;
							};
							com.apple.InAppPurchase = {
								enabled = 0;
							};
							com.apple.InterAppAudio = {
								enabled = 0;
							};
							com.apple.Push = {
								enabled = 0;
							};
							com.apple.Sandbox = {
								enabled = 0;
							};
						};
					};
				};
			};
			buildConfigurationList = CDE36D14C0CC944B8DB69DE7;
			compatibilityVersion = "Xcode 3.2";
			hasScannedForEncodings = 0;
			knownRegions = (
				en,
				Base,
			);
			mainGroup = EEC2A9A858039832F4D1E6FB;
			projectDirPath = "";
			projectRoot = "";
			targets = (
				3B7C01D6CE3A831318152616,
			);
		};
/* End PBXProject section */

/* Begin PBXResourcesBuildPhase section */
		0F75111521FF78E44103A463 = {
			isa = PBXResourcesBuildPhase;
			buildActionMask = 2147483647;
			files = (
				68342000C52DBED8C959EE73,
			);
			runOnlyForDeploymentPostprocessing = 0;
		};
/* End PBXResourcesBuildPhase section */

/* Begin PBXSourcesBuildPhase section */
		33A8C063913632DC1A72354B = {
			isa = PBXSourcesBuildPhase;
			buildActionMask = 2147483647;
			files = (
				1A7F01421F4AB994E9C34402,
				A5E3426108326F6D5E02FC2A,
				3404E6B3A2D162173EF0D671,
				1817F8679B43827494D282EB,
				98A6F26320023596696CB927,
				DB15B164A9AA9A8DCD43B03C,
				F66589DC75F54A7DC704FD5A,
			);
			runOnlyForDeploymentPostprocessing = 0;
		};
/* End PBXSourcesBuildPhase section */

/* Begin XCBuildConfiguration section */
		3FEDBE4FB89445B9746DD832 /* Debug */ = {
			isa = XCBuildConfiguration;
			buildSettings = {
				ALWAYS_SEARCH_USER_PATHS = NO;
				CLANG_ENABLE_OBJC_WEAK = YES;
				CLANG_WARN_BLOCK_CAPTURE_AUTORELEASING = YES;
				CLANG_WARN_BOOL_CONVERSION = YES;
				CLANG_WARN_COMMA = YES;
				CLANG_WARN_CONSTANT_CONVERSION = YES;
				CLANG_WARN_DEPRECATED_OBJC_IMPLEMENTATIONS = YES;
				CLANG_WARN_EMPTY_BODY = YES;
				CLANG_WARN_ENUM_CONVERSION = YES;
				CLANG_WARN_INFINITE_RECURSION = YES;
				CLANG_WARN_INT_CONVERSION = YES;
				CLANG_WARN_NON_LITERAL_NULL_CONVERSION = YES;
				CLANG_WARN_OBJC_IMPLICIT_RETAIN_SELF = YES;
				CLANG_WARN_OBJC_LITERAL_CONVERSION = YES;
				CLANG_WARN_RANGE_LOOP_ANALYSIS = YES;
				CLANG_WARN_STRICT_PROTOTYPES = YES;
				CLANG_WARN_SUSPICIOUS_MOVE = YES;
				CLANG_WARN_UNREACHABLE_CODE = YES;
				CLANG_WARN__DUPLICATE_METHOD_MATCH = YES;
				CODE_SIGN_IDENTITY = "";
				DEBUG_INFORMATION_FORMAT = dwarf;
				ENABLE_STRICT_OBJC_MSGSEND = YES;
				ENABLE_TESTABILITY = NO;
				GCC_C_LANGUAGE_STANDARD = c11;
				GCC_INLINES_ARE_PRIVATE_EXTERN = YES;
				GCC_MODEL_TUNING = G5;
				GCC_NO_COMMON_BLOCKS = YES;
				GCC_SYMBOLS_PRIVATE_EXTERN = YES;
				GCC_WARN_64_TO_32_BIT_CONVERSION = YES;
				GCC_WARN_ABOUT_RETURN_TYPE = YES;
				GCC_WARN_CHECK_SWITCH_STATEMENTS = YES;
				GCC_WARN_MISSING_PARENTHESES = YES;
				GCC_WARN_NON_VIRTUAL_DESTRUCTOR = YES;
				GCC_WARN_TYPECHECK_CALLS_TO_PRINTF = YES;
				GCC_WARN_UNDECLARED_SELECTOR = YES;
				GCC_WARN_UNINITIALIZED_AUTOS = YES;
				GCC_WARN_UNUSED_FUNCTION = YES;
				GCC_WARN_UNUSED_VARIABLE = YES;
				ONLY_ACTIVE_ARCH = YES;
				PRODUCT_NAME = "Luisa First JUICE Project";
				SDKROOT = macosx;
				WARNING_CFLAGS = "-Wreorder";
				ZERO_LINK = NO;
			};
			name = Debug;
		};
		7CCE91E821738E69D8C9091F /* Release */ = {
			isa = XCBuildConfiguration;
			buildSettings = {
				ALWAYS_SEARCH_USER_PATHS = NO;
				CLANG_ENABLE_OBJC_WEAK = YES;
				CLANG_WARN_BLOCK_CAPTURE_AUTORELEASING = YES;
				CLANG_WARN_BOOL_CONVERSION = YES;
				CLANG_WARN_COMMA = YES;
				CLANG_WARN_CONSTANT_CONVERSION = YES;
				CLANG_WARN_DEPRECATED_OBJC_IMPLEMENTATIONS = YES;
				CLANG_WARN_EMPTY_BODY = YES;
				CLANG_WARN_ENUM_CONVERSION = YES;
				CLANG_WARN_INFINITE_RECURSION = YES;
				CLANG_WARN_INT_CONVERSION = YES;
				CLANG_WARN_NON_LITERAL_NULL_CONVERSION = YES;
				CLANG_WARN_OBJC_IMPLICIT_RETAIN_SELF = YES;
				CLANG_WARN_OBJC_LITERAL_CONVERSION = YES;
				CLANG_WARN_RANGE_LOOP_ANALYSIS = YES;
				CLANG_WARN_STRICT_PROTOTYPES = YES;
				CLANG_WARN_SUSPICIOUS_MOVE = YES;
				CLANG_WARN_UNREACHABLE_CODE = YES;
				CLANG_WARN__DUPLICATE_METHOD_MATCH = YES;
				CODE_SIGN_IDENTITY = "";
				DEBUG_INFORMATION_FORMAT = dwarf;
				ENABLE_STRICT_OBJC_MSGSEND = YES;
				ENABLE_TESTABILITY = NO;
				GCC_C_LANGUAGE_STANDARD = c11;
				GCC_INLINES_ARE_PRIVATE_EXTERN = YES;
				GCC_MODEL_TUNING = G5;
				GCC_NO_COMMON_BLOCKS = YES;
				GCC_SYMBOLS_PRIVATE_EXTERN = YES;
				GCC_WARN_64_TO_32_BIT_CONVERSION = YES;
				GCC_WARN_ABOUT_RETURN_TYPE = YES;
				GCC_WARN_CHECK_SWITCH_STATEMENTS = YES;
				GCC_WARN_MISSING_PARENTHESES = YES;
				GCC_WARN_NON_VIRTUAL_DESTRUCTOR = YES;
				GCC_WARN_TYPECHECK_CALLS_TO_PRINTF = YES;
				GCC_WARN_UNDECLARED_SELECTOR = YES;
				GCC_WARN_UNINITIALIZED_AUTOS = YES;
				GCC_WARN_UNUSED_FUNCTION = YES;
				GCC_WARN_UNUSED_VARIABLE = YES;
				PRODUCT_NAME = "Luisa First JUICE Project";
				SDKROOT = macosx;
				WARNING_CFLAGS = "-Wreorder";
				ZERO_LINK = NO;
			};
			name = Release;
		};
		90F054742D78B7FD372A6E61 /* Release */ = {
			isa = XCBuildConfiguration;
			buildSettings = {
				CLANG_CXX_LANGUAGE_STANDARD = "c++14";
				CLANG_CXX_LIBRARY = "libc++";
				CLANG_LINK_OBJC_RUNTIME = NO;
				CODE_SIGN_IDENTITY = "";
				COMBINE_HIDPI_IMAGES = YES;
				CONFIGURATION_BUILD_DIR = "$(PROJECT_DIR)/build/$(CONFIGURATION)";
				DEAD_CODE_STRIPPING = YES;
				EXCLUDED_ARCHS = "";
				GCC_GENERATE_DEBUGGING_SYMBOLS = NO;
				GCC_OPTIMIZATION_LEVEL = 3;
				GCC_PREPROCESSOR_DEFINITIONS = (
					"_NDEBUG=1",
					"NDEBUG=1",
					"JUCE_DISPLAY_SPLASH_SCREEN=1",
					"JUCE_USE_DARK_SPLASH_SCREEN=1",
					"JUCE_PROJUCER_VERSION=0x60104",
					"JUCE_MODULE_AVAILABLE_juce_core=1",
					"JUCE_MODULE_AVAILABLE_juce_data_structures=1",
					"JUCE_MODULE_AVAILABLE_juce_events=1",
					"JUCE_MODULE_AVAILABLE_juce_graphics=1",
					"JUCE_MODULE_AVAILABLE_juce_gui_basics=1",
					"JUCE_GLOBAL_MODULE_SETTINGS_INCLUDED=1",
					"JUCE_STRICT_REFCOUNTEDPOINTER=1",
					"JUCE_STANDALONE_APPLICATION=1",
					"JUCER_XCODE_MAC_F6D2F4CF=1",
					"JUCE_APP_VERSION=1.0.0",
					"JUCE_APP_VERSION_HEX=0x10000",
					"JucePlugin_Build_VST=0",
					"JucePlugin_Build_VST3=0",
					"JucePlugin_Build_AU=0",
					"JucePlugin_Build_AUv3=0",
					"JucePlugin_Build_RTAS=0",
					"JucePlugin_Build_AAX=0",
					"JucePlugin_Build_Standalone=0",
					"JucePlugin_Build_Unity=0",
				);
				GCC_VERSION = com.apple.compilers.llvm.clang.1_0;
				HEADER_SEARCH_PATHS = (
					"$(SRCROOT)/../../JuceLibraryCode",
					"$(SRCROOT)/../../../../JUCE/modules",
					"$(inherited)",
				);
				INFOPLIST_FILE = Info-App.plist;
				INFOPLIST_PREPROCESS = NO;
				INSTALL_PATH = "$(HOME)/Applications";
				LLVM_LTO = YES;
				MACOSX_DEPLOYMENT_TARGET = 10.11;
				MTL_HEADER_SEARCH_PATHS = "$(SRCROOT)/../../JuceLibraryCode $(SRCROOT)/../../../../JUCE/modules";
				PRODUCT_BUNDLE_IDENTIFIER = com.yourcompany.LuisaFirstJUICEProject;
				PRODUCT_NAME = "Luisa First JUICE Project";
				USE_HEADERMAP = NO;
				VALID_ARCHS = "i386 x86_64 arm64 arm64e";
			};
			name = Release;
		};
		AEA450561F59FAE405FE06A5 /* Debug */ = {
			isa = XCBuildConfiguration;
			buildSettings = {
				CLANG_CXX_LANGUAGE_STANDARD = "c++14";
				CLANG_CXX_LIBRARY = "libc++";
				CLANG_LINK_OBJC_RUNTIME = NO;
				CODE_SIGN_IDENTITY = "";
				COMBINE_HIDPI_IMAGES = YES;
				CONFIGURATION_BUILD_DIR = "$(PROJECT_DIR)/build/$(CONFIGURATION)";
				COPY_PHASE_STRIP = NO;
				EXCLUDED_ARCHS = "";
				GCC_DYNAMIC_NO_PIC = NO;
				GCC_OPTIMIZATION_LEVEL = 0;
				GCC_PREPROCESSOR_DEFINITIONS = (
					"_DEBUG=1",
					"DEBUG=1",
					"JUCE_DISPLAY_SPLASH_SCREEN=1",
					"JUCE_USE_DARK_SPLASH_SCREEN=1",
					"JUCE_PROJUCER_VERSION=0x60104",
					"JUCE_MODULE_AVAILABLE_juce_core=1",
					"JUCE_MODULE_AVAILABLE_juce_data_structures=1",
					"JUCE_MODULE_AVAILABLE_juce_events=1",
					"JUCE_MODULE_AVAILABLE_juce_graphics=1",
					"JUCE_MODULE_AVAILABLE_juce_gui_basics=1",
					"JUCE_GLOBAL_MODULE_SETTINGS_INCLUDED=1",
					"JUCE_STRICT_REFCOUNTEDPOINTER=1",
					"JUCE_STANDALONE_APPLICATION=1",
					"JUCER_XCODE_MAC_F6D2F4CF=1",
					"JUCE_APP_VERSION=1.0.0",
					"JUCE_APP_VERSION_HEX=0x10000",
					"JucePlugin_Build_VST=0",
					"JucePlugin_Build_VST3=0",
					"JucePlugin_Build_AU=0",
					"JucePlugin_Build_AUv3=0",
					"JucePlugin_Build_RTAS=0",
					"JucePlugin_Build_AAX=0",
					"JucePlugin_Build_Standalone=0",
					"JucePlugin_Build_Unity=0",
				);
				GCC_VERSION = com.apple.compilers.llvm.clang.1_0;
				HEADER_SEARCH_PATHS = (
					"$(SRCROOT)/../../JuceLibraryCode",
					"$(SRCROOT)/../../../../JUCE/modules",
					"$(inherited)",
				);
				INFOPLIST_FILE = Info-App.plist;
				INFOPLIST_PREPROCESS = NO;
				INSTALL_PATH = "$(HOME)/Applications";
				MACOSX_DEPLOYMENT_TARGET = 10.11;
				MTL_HEADER_SEARCH_PATHS = "$(SRCROOT)/../../JuceLibraryCode $(SRCROOT)/../../../../JUCE/modules";
				PRODUCT_BUNDLE_IDENTIFIER = com.yourcompany.LuisaFirstJUICEProject;
				PRODUCT_NAME = "Luisa First JUICE Project";
				USE_HEADERMAP = NO;
				VALID_ARCHS = "i386 x86_64 arm64 arm64e";
			};
			name = Debug;
		};
/* End XCBuildConfiguration section */

/* Begin XCConfigurationList section */
		3C0F24333A050AB75B708C4A = {
			isa = XCConfigurationList;
			buildConfigurations = (
				AEA450561F59FAE405FE06A5,
				90F054742D78B7FD372A6E61,
			);
			defaultConfigurationIsVisible = 0;
			defaultConfigurationName = Debug;
		};
		CDE36D14C0CC944B8DB69DE7 = {
			isa = XCConfigurationList;
			buildConfigurations = (
				3FEDBE4FB89445B9746DD832,
				7CCE91E821738E69D8C9091F,
			);
			defaultConfigurationIsVisible = 0;
			defaultConfigurationName = Debug;
		};
/* End XCConfigurationList section */
	};
	rootObject = A6ACB6DA5853700F9C8906B8 /* Project object */;
}
